
Microsoft Visual Studio Solution File, Format Version 12.00
# Visual Studio Version 16
VisualStudioVersion = 16.0.29905.134
MinimumVisualStudioVersion = 10.0.40219.1
Project("{FAE04EC0-301F-11D3-BF4B-00C04F79EFBC}") = "Labo2", "Labo2\Labo2.csproj", "{7A22AFB0-93BC-4471-B25B-27AD6B9E1915}"
EndProject
Global
	GlobalSection(SolutionConfigurationPlatforms) = preSolution
		Debug|Any CPU = Debug|Any CPU
		Release|Any CPU = Release|Any CPU
	EndGlobalSection
	GlobalSection(ProjectConfigurationPlatforms) = postSolution
		{7A22AFB0-93BC-4471-B25B-27AD6B9E1915}.Debug|Any CPU.ActiveCfg = Debug|Any CPU
		{7A22AFB0-93BC-4471-B25B-27AD6B9E1915}.Debug|Any CPU.Build.0 = Debug|Any CPU
		{7A22AFB0-93BC-4471-B25B-27AD6B9E1915}.Release|Any CPU.ActiveCfg = Release|Any CPU
		{7A22AFB0-93BC-4471-B25B-27AD6B9E1915}.Release|Any CPU.Build.0 = Release|Any CPU
	EndGlobalSection
	GlobalSection(SolutionProperties) = preSolution
		HideSolutionNode = FALSE
	EndGlobalSection
	GlobalSection(ExtensibilityGlobals) = postSolution
		SolutionGuid = {275ABE5E-F3AF-451E-A6FE-4B08DF4B147B}
	EndGlobalSection
EndGlobal
