
Microsoft Visual Studio Solution File, Format Version 12.00
# Visual Studio Version 16
VisualStudioVersion = 16.0.29905.134
MinimumVisualStudioVersion = 10.0.40219.1
Project("{FAE04EC0-301F-11D3-BF4B-00C04F79EFBC}") = "examen_AT1", "examen_AT1\examen_AT1.csproj", "{6298EB85-4FA3-41B2-86E6-CDCDA74FC403}"
EndProject
Global
	GlobalSection(SolutionConfigurationPlatforms) = preSolution
		Debug|Any CPU = Debug|Any CPU
		Release|Any CPU = Release|Any CPU
	EndGlobalSection
	GlobalSection(ProjectConfigurationPlatforms) = postSolution
		{6298EB85-4FA3-41B2-86E6-CDCDA74FC403}.Debug|Any CPU.ActiveCfg = Debug|Any CPU
		{6298EB85-4FA3-41B2-86E6-CDCDA74FC403}.Debug|Any CPU.Build.0 = Debug|Any CPU
		{6298EB85-4FA3-41B2-86E6-CDCDA74FC403}.Release|Any CPU.ActiveCfg = Release|Any CPU
		{6298EB85-4FA3-41B2-86E6-CDCDA74FC403}.Release|Any CPU.Build.0 = Release|Any CPU
	EndGlobalSection
	GlobalSection(SolutionProperties) = preSolution
		HideSolutionNode = FALSE
	EndGlobalSection
	GlobalSection(ExtensibilityGlobals) = postSolution
		SolutionGuid = {D941FF2E-16E2-4B5B-880D-E4AC69F55A75}
	EndGlobalSection
EndGlobal
